// !$*UTF8*$!
{
	archiveVersion = 1;
	classes = {
	};
	objectVersion = 55;
	objects = {

/* Begin PBXBuildFile section */
		FFF2FF75288DAD2100F4B64B /* Progetto_CAS_ApplicationApp.swift in Sources */ = {isa = PBXBuildFile; fileRef = FFF2FF74288DAD2100F4B64B /* Progetto_CAS_ApplicationApp.swift */; };
		FFF2FF77288DAD2100F4B64B /* ContentView.swift in Sources */ = {isa = PBXBuildFile; fileRef = FFF2FF76288DAD2100F4B64B /* ContentView.swift */; };
		FFF2FF79288DAD2400F4B64B /* Assets.xcassets in Resources */ = {isa = PBXBuildFile; fileRef = FFF2FF78288DAD2400F4B64B /* Assets.xcassets */; };
		FFF2FF7C288DAD2400F4B64B /* Preview Assets.xcassets in Resources */ = {isa = PBXBuildFile; fileRef = FFF2FF7B288DAD2400F4B64B /* Preview Assets.xcassets */; };
		FFF2FF86288DAD2400F4B64B /* Progetto_CAS_ApplicationTests.swift in Sources */ = {isa = PBXBuildFile; fileRef = FFF2FF85288DAD2400F4B64B /* Progetto_CAS_ApplicationTests.swift */; };
		FFF2FF90288DAD2400F4B64B /* Progetto_CAS_ApplicationUITests.swift in Sources */ = {isa = PBXBuildFile; fileRef = FFF2FF8F288DAD2400F4B64B /* Progetto_CAS_ApplicationUITests.swift */; };
		FFF2FF92288DAD2400F4B64B /* Progetto_CAS_ApplicationUITestsLaunchTests.swift in Sources */ = {isa = PBXBuildFile; fileRef = FFF2FF91288DAD2400F4B64B /* Progetto_CAS_ApplicationUITestsLaunchTests.swift */; };
/* End PBXBuildFile section */

/* Begin PBXContainerItemProxy section */
		FFF2FF82288DAD2400F4B64B /* PBXContainerItemProxy */ = {
			isa = PBXContainerItemProxy;
			containerPortal = FFF2FF69288DAD2100F4B64B /* Project object */;
			proxyType = 1;
			remoteGlobalIDString = FFF2FF70288DAD2100F4B64B;
			remoteInfo = Progetto_CAS_Application;
		};
		FFF2FF8C288DAD2400F4B64B /* PBXContainerItemProxy */ = {
			isa = PBXContainerItemProxy;
			containerPortal = FFF2FF69288DAD2100F4B64B /* Project object */;
			proxyType = 1;
			remoteGlobalIDString = FFF2FF70288DAD2100F4B64B;
			remoteInfo = Progetto_CAS_Application;
		};
/* End PBXContainerItemProxy section */

/* Begin PBXFileReference section */
		FFF2FF71288DAD2100F4B64B /* Progetto_CAS_Application.app */ = {isa = PBXFileReference; explicitFileType = wrapper.application; includeInIndex = 0; path = Progetto_CAS_Application.app; sourceTree = BUILT_PRODUCTS_DIR; };
		FFF2FF74288DAD2100F4B64B /* Progetto_CAS_ApplicationApp.swift */ = {isa = PBXFileReference; lastKnownFileType = sourcecode.swift; path = Progetto_CAS_ApplicationApp.swift; sourceTree = "<group>"; };
		FFF2FF76288DAD2100F4B64B /* ContentView.swift */ = {isa = PBXFileReference; lastKnownFileType = sourcecode.swift; path = ContentView.swift; sourceTree = "<group>"; };
		FFF2FF78288DAD2400F4B64B /* Assets.xcassets */ = {isa = PBXFileReference; lastKnownFileType = folder.assetcatalog; path = Assets.xcassets; sourceTree = "<group>"; };
		FFF2FF7B288DAD2400F4B64B /* Preview Assets.xcassets */ = {isa = PBXFileReference; lastKnownFileType = folder.assetcatalog; path = "Preview Assets.xcassets"; sourceTree = "<group>"; };
		FFF2FF81288DAD2400F4B64B /* Progetto_CAS_ApplicationTests.xctest */ = {isa = PBXFileReference; explicitFileType = wrapper.cfbundle; includeInIndex = 0; path = Progetto_CAS_ApplicationTests.xctest; sourceTree = BUILT_PRODUCTS_DIR; };
		FFF2FF85288DAD2400F4B64B /* Progetto_CAS_ApplicationTests.swift */ = {isa = PBXFileReference; lastKnownFileType = sourcecode.swift; path = Progetto_CAS_ApplicationTests.swift; sourceTree = "<group>"; };
		FFF2FF8B288DAD2400F4B64B /* Progetto_CAS_ApplicationUITests.xctest */ = {isa = PBXFileReference; explicitFileType = wrapper.cfbundle; includeInIndex = 0; path = Progetto_CAS_ApplicationUITests.xctest; sourceTree = BUILT_PRODUCTS_DIR; };
		FFF2FF8F288DAD2400F4B64B /* Progetto_CAS_ApplicationUITests.swift */ = {isa = PBXFileReference; lastKnownFileType = sourcecode.swift; path = Progetto_CAS_ApplicationUITests.swift; sourceTree = "<group>"; };
		FFF2FF91288DAD2400F4B64B /* Progetto_CAS_ApplicationUITestsLaunchTests.swift */ = {isa = PBXFileReference; lastKnownFileType = sourcecode.swift; path = Progetto_CAS_ApplicationUITestsLaunchTests.swift; sourceTree = "<group>"; };
/* End PBXFileReference section */

/* Begin PBXFrameworksBuildPhase section */
		FFF2FF6E288DAD2100F4B64B /* Frameworks */ = {
			isa = PBXFrameworksBuildPhase;
			buildActionMask = 2147483647;
			files = (
			);
			runOnlyForDeploymentPostprocessing = 0;
		};
		FFF2FF7E288DAD2400F4B64B /* Frameworks */ = {
			isa = PBXFrameworksBuildPhase;
			buildActionMask = 2147483647;
			files = (
			);
			runOnlyForDeploymentPostprocessing = 0;
		};
		FFF2FF88288DAD2400F4B64B /* Frameworks */ = {
			isa = PBXFrameworksBuildPhase;
			buildActionMask = 2147483647;
			files = (
			);
			runOnlyForDeploymentPostprocessing = 0;
		};
/* End PBXFrameworksBuildPhase section */

/* Begin PBXGroup section */
		FFF2FF68288DAD2100F4B64B = {
			isa = PBXGroup;
			children = (
				FFF2FF73288DAD2100F4B64B /* Progetto_CAS_Application */,
				FFF2FF84288DAD2400F4B64B /* Progetto_CAS_ApplicationTests */,
				FFF2FF8E288DAD2400F4B64B /* Progetto_CAS_ApplicationUITests */,
				FFF2FF72288DAD2100F4B64B /* Products */,
			);
			sourceTree = "<group>";
		};
		FFF2FF72288DAD2100F4B64B /* Products */ = {
			isa = PBXGroup;
			children = (
				FFF2FF71288DAD2100F4B64B /* Progetto_CAS_Application.app */,
				FFF2FF81288DAD2400F4B64B /* Progetto_CAS_ApplicationTests.xctest */,
				FFF2FF8B288DAD2400F4B64B /* Progetto_CAS_ApplicationUITests.xctest */,
			);
			name = Products;
			sourceTree = "<group>";
		};
		FFF2FF73288DAD2100F4B64B /* Progetto_CAS_Application */ = {
			isa = PBXGroup;
			children = (
				FFF2FF74288DAD2100F4B64B /* Progetto_CAS_ApplicationApp.swift */,
				FFF2FF76288DAD2100F4B64B /* ContentView.swift */,
				FFF2FF78288DAD2400F4B64B /* Assets.xcassets */,
				FFF2FF7A288DAD2400F4B64B /* Preview Content */,
			);
			path = Progetto_CAS_Application;
			sourceTree = "<group>";
		};
		FFF2FF7A288DAD2400F4B64B /* Preview Content */ = {
			isa = PBXGroup;
			children = (
				FFF2FF7B288DAD2400F4B64B /* Preview Assets.xcassets */,
			);
			path = "Preview Content";
			sourceTree = "<group>";
		};
		FFF2FF84288DAD2400F4B64B /* Progetto_CAS_ApplicationTests */ = {
			isa = PBXGroup;
			children = (
				FFF2FF85288DAD2400F4B64B /* Progetto_CAS_ApplicationTests.swift */,
			);
			path = Progetto_CAS_ApplicationTests;
			sourceTree = "<group>";
		};
		FFF2FF8E288DAD2400F4B64B /* Progetto_CAS_ApplicationUITests */ = {
			isa = PBXGroup;
			children = (
				FFF2FF8F288DAD2400F4B64B /* Progetto_CAS_ApplicationUITests.swift */,
				FFF2FF91288DAD2400F4B64B /* Progetto_CAS_ApplicationUITestsLaunchTests.swift */,
			);
			path = Progetto_CAS_ApplicationUITests;
			sourceTree = "<group>";
		};
/* End PBXGroup section */

/* Begin PBXNativeTarget section */
		FFF2FF70288DAD2100F4B64B /* Progetto_CAS_Application */ = {
			isa = PBXNativeTarget;
			buildConfigurationList = FFF2FF95288DAD2400F4B64B /* Build configuration list for PBXNativeTarget "Progetto_CAS_Application" */;
			buildPhases = (
				FFF2FF6D288DAD2100F4B64B /* Sources */,
				FFF2FF6E288DAD2100F4B64B /* Frameworks */,
				FFF2FF6F288DAD2100F4B64B /* Resources */,
			);
			buildRules = (
			);
			dependencies = (
			);
			name = Progetto_CAS_Application;
			productName = Progetto_CAS_Application;
			productReference = FFF2FF71288DAD2100F4B64B /* Progetto_CAS_Application.app */;
			productType = "com.apple.product-type.application";
		};
		FFF2FF80288DAD2400F4B64B /* Progetto_CAS_ApplicationTests */ = {
			isa = PBXNativeTarget;
			buildConfigurationList = FFF2FF98288DAD2400F4B64B /* Build configuration list for PBXNativeTarget "Progetto_CAS_ApplicationTests" */;
			buildPhases = (
				FFF2FF7D288DAD2400F4B64B /* Sources */,
				FFF2FF7E288DAD2400F4B64B /* Frameworks */,
				FFF2FF7F288DAD2400F4B64B /* Resources */,
			);
			buildRules = (
			);
			dependencies = (
				FFF2FF83288DAD2400F4B64B /* PBXTargetDependency */,
			);
			name = Progetto_CAS_ApplicationTests;
			productName = Progetto_CAS_ApplicationTests;
			productReference = FFF2FF81288DAD2400F4B64B /* Progetto_CAS_ApplicationTests.xctest */;
			productType = "com.apple.product-type.bundle.unit-test";
		};
		FFF2FF8A288DAD2400F4B64B /* Progetto_CAS_ApplicationUITests */ = {
			isa = PBXNativeTarget;
			buildConfigurationList = FFF2FF9B288DAD2400F4B64B /* Build configuration list for PBXNativeTarget "Progetto_CAS_ApplicationUITests" */;
			buildPhases = (
				FFF2FF87288DAD2400F4B64B /* Sources */,
				FFF2FF88288DAD2400F4B64B /* Frameworks */,
				FFF2FF89288DAD2400F4B64B /* Resources */,
			);
			buildRules = (
			);
			dependencies = (
				FFF2FF8D288DAD2400F4B64B /* PBXTargetDependency */,
			);
			name = Progetto_CAS_ApplicationUITests;
			productName = Progetto_CAS_ApplicationUITests;
			productReference = FFF2FF8B288DAD2400F4B64B /* Progetto_CAS_ApplicationUITests.xctest */;
			productType = "com.apple.product-type.bundle.ui-testing";
		};
/* End PBXNativeTarget section */

/* Begin PBXProject section */
		FFF2FF69288DAD2100F4B64B /* Project object */ = {
			isa = PBXProject;
			attributes = {
				BuildIndependentTargetsInParallel = 1;
				LastSwiftUpdateCheck = 1340;
				LastUpgradeCheck = 1340;
				TargetAttributes = {
					FFF2FF70288DAD2100F4B64B = {
						CreatedOnToolsVersion = 13.4.1;
					};
					FFF2FF80288DAD2400F4B64B = {
						CreatedOnToolsVersion = 13.4.1;
						TestTargetID = FFF2FF70288DAD2100F4B64B;
					};
					FFF2FF8A288DAD2400F4B64B = {
						CreatedOnToolsVersion = 13.4.1;
						TestTargetID = FFF2FF70288DAD2100F4B64B;
					};
				};
			};
			buildConfigurationList = FFF2FF6C288DAD2100F4B64B /* Build configuration list for PBXProject "Progetto_CAS_Application" */;
			compatibilityVersion = "Xcode 13.0";
			developmentRegion = en;
			hasScannedForEncodings = 0;
			knownRegions = (
				en,
				Base,
			);
			mainGroup = FFF2FF68288DAD2100F4B64B;
			productRefGroup = FFF2FF72288DAD2100F4B64B /* Products */;
			projectDirPath = "";
			projectRoot = "";
			targets = (
				FFF2FF70288DAD2100F4B64B /* Progetto_CAS_Application */,
				FFF2FF80288DAD2400F4B64B /* Progetto_CAS_ApplicationTests */,
				FFF2FF8A288DAD2400F4B64B /* Progetto_CAS_ApplicationUITests */,
			);
		};
/* End PBXProject section */

/* Begin PBXResourcesBuildPhase section */
		FFF2FF6F288DAD2100F4B64B /* Resources */ = {
			isa = PBXResourcesBuildPhase;
			buildActionMask = 2147483647;
			files = (
				FFF2FF7C288DAD2400F4B64B /* Preview Assets.xcassets in Resources */,
				FFF2FF79288DAD2400F4B64B /* Assets.xcassets in Resources */,
			);
			runOnlyForDeploymentPostprocessing = 0;
		};
		FFF2FF7F288DAD2400F4B64B /* Resources */ = {
			isa = PBXResourcesBuildPhase;
			buildActionMask = 2147483647;
			files = (
			);
			runOnlyForDeploymentPostprocessing = 0;
		};
		FFF2FF89288DAD2400F4B64B /* Resources */ = {
			isa = PBXResourcesBuildPhase;
			buildActionMask = 2147483647;
			files = (
			);
			runOnlyForDeploymentPostprocessing = 0;
		};
/* End PBXResourcesBuildPhase section */

/* Begin PBXSourcesBuildPhase section */
		FFF2FF6D288DAD2100F4B64B /* Sources */ = {
			isa = PBXSourcesBuildPhase;
			buildActionMask = 2147483647;
			files = (
				FFF2FF77288DAD2100F4B64B /* ContentView.swift in Sources */,
				FFF2FF75288DAD2100F4B64B /* Progetto_CAS_ApplicationApp.swift in Sources */,
			);
			runOnlyForDeploymentPostprocessing = 0;
		};
		FFF2FF7D288DAD2400F4B64B /* Sources */ = {
			isa = PBXSourcesBuildPhase;
			buildActionMask = 2147483647;
			files = (
				FFF2FF86288DAD2400F4B64B /* Progetto_CAS_ApplicationTests.swift in Sources */,
			);
			runOnlyForDeploymentPostprocessing = 0;
		};
		FFF2FF87288DAD2400F4B64B /* Sources */ = {
			isa = PBXSourcesBuildPhase;
			buildActionMask = 2147483647;
			files = (
				FFF2FF90288DAD2400F4B64B /* Progetto_CAS_ApplicationUITests.swift in Sources */,
				FFF2FF92288DAD2400F4B64B /* Progetto_CAS_ApplicationUITestsLaunchTests.swift in Sources */,
			);
			runOnlyForDeploymentPostprocessing = 0;
		};
/* End PBXSourcesBuildPhase section */

/* Begin PBXTargetDependency section */
		FFF2FF83288DAD2400F4B64B /* PBXTargetDependency */ = {
			isa = PBXTargetDependency;
			target = FFF2FF70288DAD2100F4B64B /* Progetto_CAS_Application */;
			targetProxy = FFF2FF82288DAD2400F4B64B /* PBXContainerItemProxy */;
		};
		FFF2FF8D288DAD2400F4B64B /* PBXTargetDependency */ = {
			isa = PBXTargetDependency;
			target = FFF2FF70288DAD2100F4B64B /* Progetto_CAS_Application */;
			targetProxy = FFF2FF8C288DAD2400F4B64B /* PBXContainerItemProxy */;
		};
/* End PBXTargetDependency section */

/* Begin XCBuildConfiguration section */
		FFF2FF93288DAD2400F4B64B /* Debug */ = {
			isa = XCBuildConfiguration;
			buildSettings = {
				ALWAYS_SEARCH_USER_PATHS = NO;
				CLANG_ANALYZER_NONNULL = YES;
				CLANG_ANALYZER_NUMBER_OBJECT_CONVERSION = YES_AGGRESSIVE;
				CLANG_CXX_LANGUAGE_STANDARD = "gnu++17";
				CLANG_ENABLE_MODULES = YES;
				CLANG_ENABLE_OBJC_ARC = YES;
				CLANG_ENABLE_OBJC_WEAK = YES;
				CLANG_WARN_BLOCK_CAPTURE_AUTORELEASING = YES;
				CLANG_WARN_BOOL_CONVERSION = YES;
				CLANG_WARN_COMMA = YES;
				CLANG_WARN_CONSTANT_CONVERSION = YES;
				CLANG_WARN_DEPRECATED_OBJC_IMPLEMENTATIONS = YES;
				CLANG_WARN_DIRECT_OBJC_ISA_USAGE = YES_ERROR;
				CLANG_WARN_DOCUMENTATION_COMMENTS = YES;
				CLANG_WARN_EMPTY_BODY = YES;
				CLANG_WARN_ENUM_CONVERSION = YES;
				CLANG_WARN_INFINITE_RECURSION = YES;
				CLANG_WARN_INT_CONVERSION = YES;
				CLANG_WARN_NON_LITERAL_NULL_CONVERSION = YES;
				CLANG_WARN_OBJC_IMPLICIT_RETAIN_SELF = YES;
				CLANG_WARN_OBJC_LITERAL_CONVERSION = YES;
				CLANG_WARN_OBJC_ROOT_CLASS = YES_ERROR;
				CLANG_WARN_QUOTED_INCLUDE_IN_FRAMEWORK_HEADER = YES;
				CLANG_WARN_RANGE_LOOP_ANALYSIS = YES;
				CLANG_WARN_STRICT_PROTOTYPES = YES;
				CLANG_WARN_SUSPICIOUS_MOVE = YES;
				CLANG_WARN_UNGUARDED_AVAILABILITY = YES_AGGRESSIVE;
				CLANG_WARN_UNREACHABLE_CODE = YES;
				CLANG_WARN__DUPLICATE_METHOD_MATCH = YES;
				COPY_PHASE_STRIP = NO;
				DEBUG_INFORMATION_FORMAT = dwarf;
				ENABLE_STRICT_OBJC_MSGSEND = YES;
				ENABLE_TESTABILITY = YES;
				GCC_C_LANGUAGE_STANDARD = gnu11;
				GCC_DYNAMIC_NO_PIC = NO;
				GCC_NO_COMMON_BLOCKS = YES;
				GCC_OPTIMIZATION_LEVEL = 0;
				GCC_PREPROCESSOR_DEFINITIONS = (
					"DEBUG=1",
					"$(inherited)",
				);
				GCC_WARN_64_TO_32_BIT_CONVERSION = YES;
				GCC_WARN_ABOUT_RETURN_TYPE = YES_ERROR;
				GCC_WARN_UNDECLARED_SELECTOR = YES;
				GCC_WARN_UNINITIALIZED_AUTOS = YES_AGGRESSIVE;
				GCC_WARN_UNUSED_FUNCTION = YES;
				GCC_WARN_UNUSED_VARIABLE = YES;
				IPHONEOS_DEPLOYMENT_TARGET = 15.5;
				MTL_ENABLE_DEBUG_INFO = INCLUDE_SOURCE;
				MTL_FAST_MATH = YES;
				ONLY_ACTIVE_ARCH = YES;
				SDKROOT = iphoneos;
				SWIFT_ACTIVE_COMPILATION_CONDITIONS = DEBUG;
				SWIFT_OPTIMIZATION_LEVEL = "-Onone";
			};
			name = Debug;
		};
		FFF2FF94288DAD2400F4B64B /* Release */ = {
			isa = XCBuildConfiguration;
			buildSettings = {
				ALWAYS_SEARCH_USER_PATHS = NO;
				CLANG_ANALYZER_NONNULL = YES;
				CLANG_ANALYZER_NUMBER_OBJECT_CONVERSION = YES_AGGRESSIVE;
				CLANG_CXX_LANGUAGE_STANDARD = "gnu++17";
				CLANG_ENABLE_MODULES = YES;
				CLANG_ENABLE_OBJC_ARC = YES;
				CLANG_ENABLE_OBJC_WEAK = YES;
				CLANG_WARN_BLOCK_CAPTURE_AUTORELEASING = YES;
				CLANG_WARN_BOOL_CONVERSION = YES;
				CLANG_WARN_COMMA = YES;
				CLANG_WARN_CONSTANT_CONVERSION = YES;
				CLANG_WARN_DEPRECATED_OBJC_IMPLEMENTATIONS = YES;
				CLANG_WARN_DIRECT_OBJC_ISA_USAGE = YES_ERROR;
				CLANG_WARN_DOCUMENTATION_COMMENTS = YES;
				CLANG_WARN_EMPTY_BODY = YES;
				CLANG_WARN_ENUM_CONVERSION = YES;
				CLANG_WARN_INFINITE_RECURSION = YES;
				CLANG_WARN_INT_CONVERSION = YES;
				CLANG_WARN_NON_LITERAL_NULL_CONVERSION = YES;
				CLANG_WARN_OBJC_IMPLICIT_RETAIN_SELF = YES;
				CLANG_WARN_OBJC_LITERAL_CONVERSION = YES;
				CLANG_WARN_OBJC_ROOT_CLASS = YES_ERROR;
				CLANG_WARN_QUOTED_INCLUDE_IN_FRAMEWORK_HEADER = YES;
				CLANG_WARN_RANGE_LOOP_ANALYSIS = YES;
				CLANG_WARN_STRICT_PROTOTYPES = YES;
				CLANG_WARN_SUSPICIOUS_MOVE = YES;
				CLANG_WARN_UNGUARDED_AVAILABILITY = YES_AGGRESSIVE;
				CLANG_WARN_UNREACHABLE_CODE = YES;
				CLANG_WARN__DUPLICATE_METHOD_MATCH = YES;
				COPY_PHASE_STRIP = NO;
				DEBUG_INFORMATION_FORMAT = "dwarf-with-dsym";
				ENABLE_NS_ASSERTIONS = NO;
				ENABLE_STRICT_OBJC_MSGSEND = YES;
				GCC_C_LANGUAGE_STANDARD = gnu11;
				GCC_NO_COMMON_BLOCKS = YES;
				GCC_WARN_64_TO_32_BIT_CONVERSION = YES;
				GCC_WARN_ABOUT_RETURN_TYPE = YES_ERROR;
				GCC_WARN_UNDECLARED_SELECTOR = YES;
				GCC_WARN_UNINITIALIZED_AUTOS = YES_AGGRESSIVE;
				GCC_WARN_UNUSED_FUNCTION = YES;
				GCC_WARN_UNUSED_VARIABLE = YES;
				IPHONEOS_DEPLOYMENT_TARGET = 15.5;
				MTL_ENABLE_DEBUG_INFO = NO;
				MTL_FAST_MATH = YES;
				SDKROOT = iphoneos;
				SWIFT_COMPILATION_MODE = wholemodule;
				SWIFT_OPTIMIZATION_LEVEL = "-O";
				VALIDATE_PRODUCT = YES;
			};
			name = Release;
		};
		FFF2FF96288DAD2400F4B64B /* Debug */ = {
			isa = XCBuildConfiguration;
			buildSettings = {
				ASSETCATALOG_COMPILER_APPICON_NAME = AppIcon;
				ASSETCATALOG_COMPILER_GLOBAL_ACCENT_COLOR_NAME = AccentColor;
				CODE_SIGN_STYLE = Automatic;
				CURRENT_PROJECT_VERSION = 1;
				DEVELOPMENT_ASSET_PATHS = "\"Progetto_CAS_Application/Preview Content\"";
				DEVELOPMENT_TEAM = DPA9YH62YZ;
				ENABLE_PREVIEWS = YES;
				GENERATE_INFOPLIST_FILE = YES;
				INFOPLIST_KEY_UIApplicationSceneManifest_Generation = YES;
				INFOPLIST_KEY_UIApplicationSupportsIndirectInputEvents = YES;
				INFOPLIST_KEY_UILaunchScreen_Generation = YES;
				INFOPLIST_KEY_UISupportedInterfaceOrientations_iPad = "UIInterfaceOrientationPortrait UIInterfaceOrientationPortraitUpsideDown UIInterfaceOrientationLandscapeLeft UIInterfaceOrientationLandscapeRight";
				INFOPLIST_KEY_UISupportedInterfaceOrientations_iPhone = "UIInterfaceOrientationPortrait UIInterfaceOrientationLandscapeLeft UIInterfaceOrientationLandscapeRight";
				LD_RUNPATH_SEARCH_PATHS = (
					"$(inherited)",
					"@executable_path/Frameworks",
				);
				MARKETING_VERSION = 1.0;
				PRODUCT_BUNDLE_IDENTIFIER = "com.ITLandfill.Progetto-CAS-Application";
				PRODUCT_NAME = "$(TARGET_NAME)";
				SWIFT_EMIT_LOC_STRINGS = YES;
				SWIFT_VERSION = 5.0;
				TARGETED_DEVICE_FAMILY = "1,2";
			};
			name = Debug;
		};
		FFF2FF97288DAD2400F4B64B /* Release */ = {
			isa = XCBuildConfiguration;
			buildSettings = {
				ASSETCATALOG_COMPILER_APPICON_NAME = AppIcon;
				ASSETCATALOG_COMPILER_GLOBAL_ACCENT_COLOR_NAME = AccentColor;
				CODE_SIGN_STYLE = Automatic;
				CURRENT_PROJECT_VERSION = 1;
				DEVELOPMENT_ASSET_PATHS = "\"Progetto_CAS_Application/Preview Content\"";
				DEVELOPMENT_TEAM = DPA9YH62YZ;
				ENABLE_PREVIEWS = YES;
				GENERATE_INFOPLIST_FILE = YES;
				INFOPLIST_KEY_UIApplicationSceneManifest_Generation = YES;
				INFOPLIST_KEY_UIApplicationSupportsIndirectInputEvents = YES;
				INFOPLIST_KEY_UILaunchScreen_Generation = YES;
				INFOPLIST_KEY_UISupportedInterfaceOrientations_iPad = "UIInterfaceOrientationPortrait UIInterfaceOrientationPortraitUpsideDown UIInterfaceOrientationLandscapeLeft UIInterfaceOrientationLandscapeRight";
				INFOPLIST_KEY_UISupportedInterfaceOrientations_iPhone = "UIInterfaceOrientationPortrait UIInterfaceOrientationLandscapeLeft UIInterfaceOrientationLandscapeRight";
				LD_RUNPATH_SEARCH_PATHS = (
					"$(inherited)",
					"@executable_path/Frameworks",
				);
				MARKETING_VERSION = 1.0;
				PRODUCT_BUNDLE_IDENTIFIER = "com.ITLandfill.Progetto-CAS-Application";
				PRODUCT_NAME = "$(TARGET_NAME)";
				SWIFT_EMIT_LOC_STRINGS = YES;
				SWIFT_VERSION = 5.0;
				TARGETED_DEVICE_FAMILY = "1,2";
			};
			name = Release;
		};
		FFF2FF99288DAD2400F4B64B /* Debug */ = {
			isa = XCBuildConfiguration;
			buildSettings = {
				ALWAYS_EMBED_SWIFT_STANDARD_LIBRARIES = YES;
				BUNDLE_LOADER = "$(TEST_HOST)";
				CODE_SIGN_STYLE = Automatic;
				CURRENT_PROJECT_VERSION = 1;
				DEVELOPMENT_TEAM = DPA9YH62YZ;
				GENERATE_INFOPLIST_FILE = YES;
				IPHONEOS_DEPLOYMENT_TARGET = 15.5;
				MARKETING_VERSION = 1.0;
				PRODUCT_BUNDLE_IDENTIFIER = "com.ITLandfill.Progetto-CAS-ApplicationTests";
				PRODUCT_NAME = "$(TARGET_NAME)";
				SWIFT_EMIT_LOC_STRINGS = NO;
				SWIFT_VERSION = 5.0;
				TARGETED_DEVICE_FAMILY = "1,2";
				TEST_HOST = "$(BUILT_PRODUCTS_DIR)/Progetto_CAS_Application.app/Progetto_CAS_Application";
			};
			name = Debug;
		};
		FFF2FF9A288DAD2400F4B64B /* Release */ = {
			isa = XCBuildConfiguration;
			buildSettings = {
				ALWAYS_EMBED_SWIFT_STANDARD_LIBRARIES = YES;
				BUNDLE_LOADER = "$(TEST_HOST)";
				CODE_SIGN_STYLE = Automatic;
				CURRENT_PROJECT_VERSION = 1;
				DEVELOPMENT_TEAM = DPA9YH62YZ;
				GENERATE_INFOPLIST_FILE = YES;
				IPHONEOS_DEPLOYMENT_TARGET = 15.5;
				MARKETING_VERSION = 1.0;
				PRODUCT_BUNDLE_IDENTIFIER = "com.ITLandfill.Progetto-CAS-ApplicationTests";
				PRODUCT_NAME = "$(TARGET_NAME)";
				SWIFT_EMIT_LOC_STRINGS = NO;
				SWIFT_VERSION = 5.0;
				TARGETED_DEVICE_FAMILY = "1,2";
				TEST_HOST = "$(BUILT_PRODUCTS_DIR)/Progetto_CAS_Application.app/Progetto_CAS_Application";
			};
			name = Release;
		};
		FFF2FF9C288DAD2400F4B64B /* Debug */ = {
			isa = XCBuildConfiguration;
			buildSettings = {
				ALWAYS_EMBED_SWIFT_STANDARD_LIBRARIES = YES;
				CODE_SIGN_STYLE = Automatic;
				CURRENT_PROJECT_VERSION = 1;
				DEVELOPMENT_TEAM = DPA9YH62YZ;
				GENERATE_INFOPLIST_FILE = YES;
				MARKETING_VERSION = 1.0;
				PRODUCT_BUNDLE_IDENTIFIER = "com.ITLandfill.Progetto-CAS-ApplicationUITests";
				PRODUCT_NAME = "$(TARGET_NAME)";
				SWIFT_EMIT_LOC_STRINGS = NO;
				SWIFT_VERSION = 5.0;
				TARGETED_DEVICE_FAMILY = "1,2";
				TEST_TARGET_NAME = Progetto_CAS_Application;
			};
			name = Debug;
		};
		FFF2FF9D288DAD2400F4B64B /* Release */ = {
			isa = XCBuildConfiguration;
			buildSettings = {
				ALWAYS_EMBED_SWIFT_STANDARD_LIBRARIES = YES;
				CODE_SIGN_STYLE = Automatic;
				CURRENT_PROJECT_VERSION = 1;
				DEVELOPMENT_TEAM = DPA9YH62YZ;
				GENERATE_INFOPLIST_FILE = YES;
				MARKETING_VERSION = 1.0;
				PRODUCT_BUNDLE_IDENTIFIER = "com.ITLandfill.Progetto-CAS-ApplicationUITests";
				PRODUCT_NAME = "$(TARGET_NAME)";
				SWIFT_EMIT_LOC_STRINGS = NO;
				SWIFT_VERSION = 5.0;
				TARGETED_DEVICE_FAMILY = "1,2";
				TEST_TARGET_NAME = Progetto_CAS_Application;
			};
			name = Release;
		};
/* End XCBuildConfiguration section */

/* Begin XCConfigurationList section */
		FFF2FF6C288DAD2100F4B64B /* Build configuration list for PBXProject "Progetto_CAS_Application" */ = {
			isa = XCConfigurationList;
			buildConfigurations = (
				FFF2FF93288DAD2400F4B64B /* Debug */,
				FFF2FF94288DAD2400F4B64B /* Release */,
			);
			defaultConfigurationIsVisible = 0;
			defaultConfigurationName = Release;
		};
		FFF2FF95288DAD2400F4B64B /* Build configuration list for PBXNativeTarget "Progetto_CAS_Application" */ = {
			isa = XCConfigurationList;
			buildConfigurations = (
				FFF2FF96288DAD2400F4B64B /* Debug */,
				FFF2FF97288DAD2400F4B64B /* Release */,
			);
			defaultConfigurationIsVisible = 0;
			defaultConfigurationName = Release;
		};
		FFF2FF98288DAD2400F4B64B /* Build configuration list for PBXNativeTarget "Progetto_CAS_ApplicationTests" */ = {
			isa = XCConfigurationList;
			buildConfigurations = (
				FFF2FF99288DAD2400F4B64B /* Debug */,
				FFF2FF9A288DAD2400F4B64B /* Release */,
			);
			defaultConfigurationIsVisible = 0;
			defaultConfigurationName = Release;
		};
		FFF2FF9B288DAD2400F4B64B /* Build configuration list for PBXNativeTarget "Progetto_CAS_ApplicationUITests" */ = {
			isa = XCConfigurationList;
			buildConfigurations = (
				FFF2FF9C288DAD2400F4B64B /* Debug */,
				FFF2FF9D288DAD2400F4B64B /* Release */,
			);
			defaultConfigurationIsVisible = 0;
			defaultConfigurationName = Release;
		};
/* End XCConfigurationList section */
	};
	rootObject = FFF2FF69288DAD2100F4B64B /* Project object */;
}
